
Microsoft Visual Studio Solution File, Format Version 12.00
# Visual Studio Version 17
VisualStudioVersion = 17.10.35027.167
MinimumVisualStudioVersion = 10.0.40219.1
Project("{FAE04EC0-301F-11D3-BF4B-00C04F79EFBC}") = "pryBaldovinoGUI", "pryBaldovinoGUI.csproj", "{D66602C4-59F1-49BE-A2C5-4BBB5E16D597}"
EndProject
Global
	GlobalSection(SolutionConfigurationPlatforms) = preSolution
		Debug|Any CPU = Debug|Any CPU
		Release|Any CPU = Release|Any CPU
	EndGlobalSection
	GlobalSection(ProjectConfigurationPlatforms) = postSolution
		{D66602C4-59F1-49BE-A2C5-4BBB5E16D597}.Debug|Any CPU.ActiveCfg = Debug|Any CPU
		{D66602C4-59F1-49BE-A2C5-4BBB5E16D597}.Debug|Any CPU.Build.0 = Debug|Any CPU
		{D66602C4-59F1-49BE-A2C5-4BBB5E16D597}.Release|Any CPU.ActiveCfg = Release|Any CPU
		{D66602C4-59F1-49BE-A2C5-4BBB5E16D597}.Release|Any CPU.Build.0 = Release|Any CPU
	EndGlobalSection
	GlobalSection(SolutionProperties) = preSolution
		HideSolutionNode = FALSE
	EndGlobalSection
	GlobalSection(ExtensibilityGlobals) = postSolution
		SolutionGuid = {D87EC0D1-B202-4A03-8E65-2DC2DE269317}
	EndGlobalSection
EndGlobal
